
Microsoft Visual Studio Solution File, Format Version 12.00
# Visual Studio 15
VisualStudioVersion = 15.0.28307.1259
MinimumVisualStudioVersion = 10.0.40219.1
Project("{FAE04EC0-301F-11D3-BF4B-00C04F79EFBC}") = "SATApplication", "SATApplication\SATApplication.csproj", "{4EFC6058-353C-42D4-B09E-1DA665EBBEE4}"
EndProject
Global
	GlobalSection(SolutionConfigurationPlatforms) = preSolution
		Debug|Any CPU = Debug|Any CPU
		Release|Any CPU = Release|Any CPU
	EndGlobalSection
	GlobalSection(ProjectConfigurationPlatforms) = postSolution
		{4EFC6058-353C-42D4-B09E-1DA665EBBEE4}.Debug|Any CPU.ActiveCfg = Debug|Any CPU
		{4EFC6058-353C-42D4-B09E-1DA665EBBEE4}.Debug|Any CPU.Build.0 = Debug|Any CPU
		{4EFC6058-353C-42D4-B09E-1DA665EBBEE4}.Release|Any CPU.ActiveCfg = Release|Any CPU
		{4EFC6058-353C-42D4-B09E-1DA665EBBEE4}.Release|Any CPU.Build.0 = Release|Any CPU
	EndGlobalSection
	GlobalSection(SolutionProperties) = preSolution
		HideSolutionNode = FALSE
	EndGlobalSection
	GlobalSection(ExtensibilityGlobals) = postSolution
		SolutionGuid = {1A432472-EBF7-4CC5-A62F-896518F4D446}
	EndGlobalSection
EndGlobal
